
Microsoft Visual Studio Solution File, Format Version 12.00
# Visual Studio Version 17
VisualStudioVersion = 17.3.32922.545
MinimumVisualStudioVersion = 10.0.40219.1
Project("{2150E333-8FDC-42A3-9474-1A3956D46DE8}") = "ChainOfResponsibilityDesignPattern", "ChainOfResponsibilityDesignPattern", "{27A8C739-38F7-4F0B-BA8E-D17663F675FA}"
EndProject
Project("{9A19103F-16F7-4668-BE54-9A1E7A4F7556}") = "DesignPattern.ChainOfResponsibility", "ChainOfResponsibilityDesignPattern\DesignPattern.ChainOfResponsibility\DesignPattern.ChainOfResponsibility.csproj", "{DAD9A7E9-657C-4D4C-BC1D-9FD9547AD80A}"
EndProject
Project("{2150E333-8FDC-42A3-9474-1A3956D46DE8}") = "CQRSDesignPattern", "CQRSDesignPattern", "{F315D532-5EA7-4A5B-9839-51D17ED19D3F}"
EndProject
Project("{9A19103F-16F7-4668-BE54-9A1E7A4F7556}") = "DesignPattern.CQRS", "CQRSDesignPattern\DesignPattern.CQRS\DesignPattern.CQRS.csproj", "{A2B6057D-9547-430D-A7DA-5DC10B41B264}"
EndProject
Project("{2150E333-8FDC-42A3-9474-1A3956D46DE8}") = "TemplateMethodDesignPattern", "TemplateMethodDesignPattern", "{194790D3-E632-439C-83E7-797F3A5FF105}"
EndProject
Project("{9A19103F-16F7-4668-BE54-9A1E7A4F7556}") = "DesignPattern.TemplateMethod", "TemplateMethodDesignPattern\DesignPattern.TemplateMethod\DesignPattern.TemplateMethod.csproj", "{AD344063-9491-4F7C-B53C-B0E45D656B9E}"
EndProject
Project("{2150E333-8FDC-42A3-9474-1A3956D46DE8}") = "ObserverDesignPattern", "ObserverDesignPattern", "{AB6EB7B7-FC75-435D-B45A-C5605C12BF90}"
EndProject
Project("{9A19103F-16F7-4668-BE54-9A1E7A4F7556}") = "DesignPattern.Observer", "ObserverDesignPattern\DesignPattern.Observer\DesignPattern.Observer.csproj", "{5EBB2876-776D-4ABE-A58F-89299DA9CAD5}"
EndProject
Project("{2150E333-8FDC-42A3-9474-1A3956D46DE8}") = "UnitOfWorkDesignPattern", "UnitOfWorkDesignPattern", "{FC7762B5-A8F7-4B27-9A96-D285853AF438}"
EndProject
Project("{9A19103F-16F7-4668-BE54-9A1E7A4F7556}") = "DesignPattern.UnitOfWork", "UnitOfWorkDesignPattern\DesignPattern.UnitOfWork\DesignPattern.UnitOfWork.csproj", "{97EBA668-C71F-45B8-A77B-D772F7E6FF61}"
EndProject
Project("{9A19103F-16F7-4668-BE54-9A1E7A4F7556}") = "DesignPattern.EntityLayer", "UnitOfWorkDesignPattern\DesignPattern.EntityLayer\DesignPattern.EntityLayer.csproj", "{38791243-5888-4228-851E-63E2EBCC12AF}"
EndProject
Project("{9A19103F-16F7-4668-BE54-9A1E7A4F7556}") = "DesignPattern.DataAccessLayer", "UnitOfWorkDesignPattern\DesignPattern.DataAccessLayer\DesignPattern.DataAccessLayer.csproj", "{EB99AB76-53FE-4315-932A-C573888D9045}"
EndProject
Project("{9A19103F-16F7-4668-BE54-9A1E7A4F7556}") = "DesignPattern.BusinessLayer", "DesignPattern.BusinessLayer\DesignPattern.BusinessLayer.csproj", "{9A88BC11-CA9A-4956-B4EE-B708CAAF9C9D}"
EndProject
Project("{2150E333-8FDC-42A3-9474-1A3956D46DE8}") = "RepositoryDesignPattern", "RepositoryDesignPattern", "{7AB44BAA-92E7-4F6C-924E-712B7952DAFE}"
EndProject
Project("{9A19103F-16F7-4668-BE54-9A1E7A4F7556}") = "DesignPattern.Repository", "RepositoryDesignPattern\DesignPattern.Repository\DesignPattern.Repository.csproj", "{A325F5F0-6EDD-4BCC-BB40-E0AD019FD2E1}"
EndProject
Project("{9A19103F-16F7-4668-BE54-9A1E7A4F7556}") = "RepositoryDesignPattern.EntityLayer", "RepositoryDesignPattern\RepositoryDesignPattern.EntityLayer\RepositoryDesignPattern.EntityLayer.csproj", "{EF9A3CCD-6EDB-4212-B039-6737C762DFCA}"
EndProject
Project("{9A19103F-16F7-4668-BE54-9A1E7A4F7556}") = "RepositoryDesignPattern.DataAccesLayer", "RepositoryDesignPattern\RepositoryDesignPattern.DataAccesLayer\RepositoryDesignPattern.DataAccesLayer.csproj", "{114E0CF5-4B75-46F3-9E78-0FA64479A23D}"
EndProject
Project("{9A19103F-16F7-4668-BE54-9A1E7A4F7556}") = "RepositoryDesignPattern.BusinessLayer", "RepositoryDesignPattern\RepositoryDesignPattern.BusinessLayer\RepositoryDesignPattern.BusinessLayer.csproj", "{E4D3CF5A-A9DD-4B7C-B566-9FABBE4D5351}"
EndProject
Project("{2150E333-8FDC-42A3-9474-1A3956D46DE8}") = "CompositeDesignPattern", "CompositeDesignPattern", "{81E44542-0AC1-4033-9F2A-9F966A60E46A}"
EndProject
Project("{9A19103F-16F7-4668-BE54-9A1E7A4F7556}") = "DesignPattern.Composite", "CompositeDesignPattern\DesignPattern.Composite\DesignPattern.Composite.csproj", "{4535D59A-91F7-4584-8581-28E16E9D04D3}"
EndProject
Project("{2150E333-8FDC-42A3-9474-1A3956D46DE8}") = "MediatorDesignPattern", "MediatorDesignPattern", "{92573D44-0906-4565-A377-724A5A3F6CC9}"
EndProject
Project("{9A19103F-16F7-4668-BE54-9A1E7A4F7556}") = "DesignPattern.Mediator", "MediatorDesignPattern\DesignPattern.Mediator\DesignPattern.Mediator.csproj", "{D504D15D-CB6A-4179-B0D3-D5244FA8E5BF}"
EndProject
Project("{2150E333-8FDC-42A3-9474-1A3956D46DE8}") = "IteratorDesignPattern", "IteratorDesignPattern", "{74A15553-5DA0-4553-8E4D-016F2E75D2E5}"
EndProject
Project("{FAE04EC0-301F-11D3-BF4B-00C04F79EFBC}") = "DesignPattern.Iterator", "IteratorDesignPattern\DesignPattern.Iterator\DesignPattern.Iterator.csproj", "{D72F80A5-5BE5-4A05-9842-65F4FC2F4B91}"
EndProject
Global
	GlobalSection(SolutionConfigurationPlatforms) = preSolution
		Debug|Any CPU = Debug|Any CPU
		Release|Any CPU = Release|Any CPU
	EndGlobalSection
	GlobalSection(ProjectConfigurationPlatforms) = postSolution
		{DAD9A7E9-657C-4D4C-BC1D-9FD9547AD80A}.Debug|Any CPU.ActiveCfg = Debug|Any CPU
		{DAD9A7E9-657C-4D4C-BC1D-9FD9547AD80A}.Debug|Any CPU.Build.0 = Debug|Any CPU
		{DAD9A7E9-657C-4D4C-BC1D-9FD9547AD80A}.Release|Any CPU.ActiveCfg = Release|Any CPU
		{DAD9A7E9-657C-4D4C-BC1D-9FD9547AD80A}.Release|Any CPU.Build.0 = Release|Any CPU
		{A2B6057D-9547-430D-A7DA-5DC10B41B264}.Debug|Any CPU.ActiveCfg = Debug|Any CPU
		{A2B6057D-9547-430D-A7DA-5DC10B41B264}.Debug|Any CPU.Build.0 = Debug|Any CPU
		{A2B6057D-9547-430D-A7DA-5DC10B41B264}.Release|Any CPU.ActiveCfg = Release|Any CPU
		{A2B6057D-9547-430D-A7DA-5DC10B41B264}.Release|Any CPU.Build.0 = Release|Any CPU
		{AD344063-9491-4F7C-B53C-B0E45D656B9E}.Debug|Any CPU.ActiveCfg = Debug|Any CPU
		{AD344063-9491-4F7C-B53C-B0E45D656B9E}.Debug|Any CPU.Build.0 = Debug|Any CPU
		{AD344063-9491-4F7C-B53C-B0E45D656B9E}.Release|Any CPU.ActiveCfg = Release|Any CPU
		{AD344063-9491-4F7C-B53C-B0E45D656B9E}.Release|Any CPU.Build.0 = Release|Any CPU
		{5EBB2876-776D-4ABE-A58F-89299DA9CAD5}.Debug|Any CPU.ActiveCfg = Debug|Any CPU
		{5EBB2876-776D-4ABE-A58F-89299DA9CAD5}.Debug|Any CPU.Build.0 = Debug|Any CPU
		{5EBB2876-776D-4ABE-A58F-89299DA9CAD5}.Release|Any CPU.ActiveCfg = Release|Any CPU
		{5EBB2876-776D-4ABE-A58F-89299DA9CAD5}.Release|Any CPU.Build.0 = Release|Any CPU
		{97EBA668-C71F-45B8-A77B-D772F7E6FF61}.Debug|Any CPU.ActiveCfg = Debug|Any CPU
		{97EBA668-C71F-45B8-A77B-D772F7E6FF61}.Debug|Any CPU.Build.0 = Debug|Any CPU
		{97EBA668-C71F-45B8-A77B-D772F7E6FF61}.Release|Any CPU.ActiveCfg = Release|Any CPU
		{97EBA668-C71F-45B8-A77B-D772F7E6FF61}.Release|Any CPU.Build.0 = Release|Any CPU
		{38791243-5888-4228-851E-63E2EBCC12AF}.Debug|Any CPU.ActiveCfg = Debug|Any CPU
		{38791243-5888-4228-851E-63E2EBCC12AF}.Debug|Any CPU.Build.0 = Debug|Any CPU
		{38791243-5888-4228-851E-63E2EBCC12AF}.Release|Any CPU.ActiveCfg = Release|Any CPU
		{38791243-5888-4228-851E-63E2EBCC12AF}.Release|Any CPU.Build.0 = Release|Any CPU
		{EB99AB76-53FE-4315-932A-C573888D9045}.Debug|Any CPU.ActiveCfg = Debug|Any CPU
		{EB99AB76-53FE-4315-932A-C573888D9045}.Debug|Any CPU.Build.0 = Debug|Any CPU
		{EB99AB76-53FE-4315-932A-C573888D9045}.Release|Any CPU.ActiveCfg = Release|Any CPU
		{EB99AB76-53FE-4315-932A-C573888D9045}.Release|Any CPU.Build.0 = Release|Any CPU
		{9A88BC11-CA9A-4956-B4EE-B708CAAF9C9D}.Debug|Any CPU.ActiveCfg = Debug|Any CPU
		{9A88BC11-CA9A-4956-B4EE-B708CAAF9C9D}.Debug|Any CPU.Build.0 = Debug|Any CPU
		{9A88BC11-CA9A-4956-B4EE-B708CAAF9C9D}.Release|Any CPU.ActiveCfg = Release|Any CPU
		{9A88BC11-CA9A-4956-B4EE-B708CAAF9C9D}.Release|Any CPU.Build.0 = Release|Any CPU
		{A325F5F0-6EDD-4BCC-BB40-E0AD019FD2E1}.Debug|Any CPU.ActiveCfg = Debug|Any CPU
		{A325F5F0-6EDD-4BCC-BB40-E0AD019FD2E1}.Debug|Any CPU.Build.0 = Debug|Any CPU
		{A325F5F0-6EDD-4BCC-BB40-E0AD019FD2E1}.Release|Any CPU.ActiveCfg = Release|Any CPU
		{A325F5F0-6EDD-4BCC-BB40-E0AD019FD2E1}.Release|Any CPU.Build.0 = Release|Any CPU
		{EF9A3CCD-6EDB-4212-B039-6737C762DFCA}.Debug|Any CPU.ActiveCfg = Debug|Any CPU
		{EF9A3CCD-6EDB-4212-B039-6737C762DFCA}.Debug|Any CPU.Build.0 = Debug|Any CPU
		{EF9A3CCD-6EDB-4212-B039-6737C762DFCA}.Release|Any CPU.ActiveCfg = Release|Any CPU
		{EF9A3CCD-6EDB-4212-B039-6737C762DFCA}.Release|Any CPU.Build.0 = Release|Any CPU
		{114E0CF5-4B75-46F3-9E78-0FA64479A23D}.Debug|Any CPU.ActiveCfg = Debug|Any CPU
		{114E0CF5-4B75-46F3-9E78-0FA64479A23D}.Debug|Any CPU.Build.0 = Debug|Any CPU
		{114E0CF5-4B75-46F3-9E78-0FA64479A23D}.Release|Any CPU.ActiveCfg = Release|Any CPU
		{114E0CF5-4B75-46F3-9E78-0FA64479A23D}.Release|Any CPU.Build.0 = Release|Any CPU
		{E4D3CF5A-A9DD-4B7C-B566-9FABBE4D5351}.Debug|Any CPU.ActiveCfg = Debug|Any CPU
		{E4D3CF5A-A9DD-4B7C-B566-9FABBE4D5351}.Debug|Any CPU.Build.0 = Debug|Any CPU
		{E4D3CF5A-A9DD-4B7C-B566-9FABBE4D5351}.Release|Any CPU.ActiveCfg = Release|Any CPU
		{E4D3CF5A-A9DD-4B7C-B566-9FABBE4D5351}.Release|Any CPU.Build.0 = Release|Any CPU
		{4535D59A-91F7-4584-8581-28E16E9D04D3}.Debug|Any CPU.ActiveCfg = Debug|Any CPU
		{4535D59A-91F7-4584-8581-28E16E9D04D3}.Debug|Any CPU.Build.0 = Debug|Any CPU
		{4535D59A-91F7-4584-8581-28E16E9D04D3}.Release|Any CPU.ActiveCfg = Release|Any CPU
		{4535D59A-91F7-4584-8581-28E16E9D04D3}.Release|Any CPU.Build.0 = Release|Any CPU
		{D504D15D-CB6A-4179-B0D3-D5244FA8E5BF}.Debug|Any CPU.ActiveCfg = Debug|Any CPU
		{D504D15D-CB6A-4179-B0D3-D5244FA8E5BF}.Debug|Any CPU.Build.0 = Debug|Any CPU
		{D504D15D-CB6A-4179-B0D3-D5244FA8E5BF}.Release|Any CPU.ActiveCfg = Release|Any CPU
		{D504D15D-CB6A-4179-B0D3-D5244FA8E5BF}.Release|Any CPU.Build.0 = Release|Any CPU
		{D72F80A5-5BE5-4A05-9842-65F4FC2F4B91}.Debug|Any CPU.ActiveCfg = Debug|Any CPU
		{D72F80A5-5BE5-4A05-9842-65F4FC2F4B91}.Debug|Any CPU.Build.0 = Debug|Any CPU
		{D72F80A5-5BE5-4A05-9842-65F4FC2F4B91}.Release|Any CPU.ActiveCfg = Release|Any CPU
		{D72F80A5-5BE5-4A05-9842-65F4FC2F4B91}.Release|Any CPU.Build.0 = Release|Any CPU
	EndGlobalSection
	GlobalSection(SolutionProperties) = preSolution
		HideSolutionNode = FALSE
	EndGlobalSection
	GlobalSection(NestedProjects) = preSolution
		{DAD9A7E9-657C-4D4C-BC1D-9FD9547AD80A} = {27A8C739-38F7-4F0B-BA8E-D17663F675FA}
		{A2B6057D-9547-430D-A7DA-5DC10B41B264} = {F315D532-5EA7-4A5B-9839-51D17ED19D3F}
		{AD344063-9491-4F7C-B53C-B0E45D656B9E} = {194790D3-E632-439C-83E7-797F3A5FF105}
		{5EBB2876-776D-4ABE-A58F-89299DA9CAD5} = {AB6EB7B7-FC75-435D-B45A-C5605C12BF90}
		{97EBA668-C71F-45B8-A77B-D772F7E6FF61} = {FC7762B5-A8F7-4B27-9A96-D285853AF438}
		{38791243-5888-4228-851E-63E2EBCC12AF} = {FC7762B5-A8F7-4B27-9A96-D285853AF438}
		{EB99AB76-53FE-4315-932A-C573888D9045} = {FC7762B5-A8F7-4B27-9A96-D285853AF438}
		{9A88BC11-CA9A-4956-B4EE-B708CAAF9C9D} = {FC7762B5-A8F7-4B27-9A96-D285853AF438}
		{A325F5F0-6EDD-4BCC-BB40-E0AD019FD2E1} = {7AB44BAA-92E7-4F6C-924E-712B7952DAFE}
		{EF9A3CCD-6EDB-4212-B039-6737C762DFCA} = {7AB44BAA-92E7-4F6C-924E-712B7952DAFE}
		{114E0CF5-4B75-46F3-9E78-0FA64479A23D} = {7AB44BAA-92E7-4F6C-924E-712B7952DAFE}
		{E4D3CF5A-A9DD-4B7C-B566-9FABBE4D5351} = {7AB44BAA-92E7-4F6C-924E-712B7952DAFE}
		{4535D59A-91F7-4584-8581-28E16E9D04D3} = {81E44542-0AC1-4033-9F2A-9F966A60E46A}
		{D504D15D-CB6A-4179-B0D3-D5244FA8E5BF} = {92573D44-0906-4565-A377-724A5A3F6CC9}
		{D72F80A5-5BE5-4A05-9842-65F4FC2F4B91} = {74A15553-5DA0-4553-8E4D-016F2E75D2E5}
	EndGlobalSection
	GlobalSection(ExtensibilityGlobals) = postSolution
		SolutionGuid = {C7E80FD0-0859-41F6-9725-E03D4A6058A1}
	EndGlobalSection
EndGlobal
